
Microsoft Visual Studio Solution File, Format Version 12.00
# Visual Studio Version 17
VisualStudioVersion = 17.5.33502.453
MinimumVisualStudioVersion = 10.0.40219.1
Project("{FAE04EC0-301F-11D3-BF4B-00C04F79EFBC}") = "CLASS01.Homework.RealCalculator", "CLASS01.Homework.RealCalculator\CLASS01.Homework.RealCalculator.csproj", "{1C5C7839-E684-45F5-AC96-C7272018DC93}"
EndProject
Project("{FAE04EC0-301F-11D3-BF4B-00C04F79EFBC}") = "CLASS01.Homework.AverageNumber", "CLASS01.Homework.AverageNumber\CLASS01.Homework.AverageNumber.csproj", "{2C9385DC-AAEA-400A-8B1A-CEED442B08D0}"
EndProject
Project("{FAE04EC0-301F-11D3-BF4B-00C04F79EFBC}") = "CLASS01.Homework.SSwapNumbers", "CLASS01.Homework.SSwapNumbers\CLASS01.Homework.SSwapNumbers.csproj", "{7A167FBD-8C15-4C3F-A969-7F98A9A8B904}"
EndProject
Global
	GlobalSection(SolutionConfigurationPlatforms) = preSolution
		Debug|Any CPU = Debug|Any CPU
		Release|Any CPU = Release|Any CPU
	EndGlobalSection
	GlobalSection(ProjectConfigurationPlatforms) = postSolution
		{1C5C7839-E684-45F5-AC96-C7272018DC93}.Debug|Any CPU.ActiveCfg = Debug|Any CPU
		{1C5C7839-E684-45F5-AC96-C7272018DC93}.Debug|Any CPU.Build.0 = Debug|Any CPU
		{1C5C7839-E684-45F5-AC96-C7272018DC93}.Release|Any CPU.ActiveCfg = Release|Any CPU
		{1C5C7839-E684-45F5-AC96-C7272018DC93}.Release|Any CPU.Build.0 = Release|Any CPU
		{2C9385DC-AAEA-400A-8B1A-CEED442B08D0}.Debug|Any CPU.ActiveCfg = Debug|Any CPU
		{2C9385DC-AAEA-400A-8B1A-CEED442B08D0}.Debug|Any CPU.Build.0 = Debug|Any CPU
		{2C9385DC-AAEA-400A-8B1A-CEED442B08D0}.Release|Any CPU.ActiveCfg = Release|Any CPU
		{2C9385DC-AAEA-400A-8B1A-CEED442B08D0}.Release|Any CPU.Build.0 = Release|Any CPU
		{7A167FBD-8C15-4C3F-A969-7F98A9A8B904}.Debug|Any CPU.ActiveCfg = Debug|Any CPU
		{7A167FBD-8C15-4C3F-A969-7F98A9A8B904}.Debug|Any CPU.Build.0 = Debug|Any CPU
		{7A167FBD-8C15-4C3F-A969-7F98A9A8B904}.Release|Any CPU.ActiveCfg = Release|Any CPU
		{7A167FBD-8C15-4C3F-A969-7F98A9A8B904}.Release|Any CPU.Build.0 = Release|Any CPU
	EndGlobalSection
	GlobalSection(SolutionProperties) = preSolution
		HideSolutionNode = FALSE
	EndGlobalSection
	GlobalSection(ExtensibilityGlobals) = postSolution
		SolutionGuid = {7AE6F65C-958A-4DF1-9C42-9A2427823DB7}
	EndGlobalSection
EndGlobal
